
Microsoft Visual Studio Solution File, Format Version 12.00
# Visual Studio Version 17
VisualStudioVersion = 17.0.32014.148
MinimumVisualStudioVersion = 10.0.40219.1
Project("{FAE04EC0-301F-11D3-BF4B-00C04F79EFBC}") = "apiPapas", "apiPapas\apiPapas.csproj", "{F3348A62-594B-4EA3-8EAF-BF434A4044D7}"
EndProject
Project("{9A19103F-16F7-4668-BE54-9A1E7A4F7556}") = "Models", "..\papasRulo\Models\Models.csproj", "{A5F0D985-421A-4A6F-9C47-87C1DB13B401}"
EndProject
Global
	GlobalSection(SolutionConfigurationPlatforms) = preSolution
		Debug|Any CPU = Debug|Any CPU
		Release|Any CPU = Release|Any CPU
	EndGlobalSection
	GlobalSection(ProjectConfigurationPlatforms) = postSolution
		{F3348A62-594B-4EA3-8EAF-BF434A4044D7}.Debug|Any CPU.ActiveCfg = Debug|Any CPU
		{F3348A62-594B-4EA3-8EAF-BF434A4044D7}.Debug|Any CPU.Build.0 = Debug|Any CPU
		{F3348A62-594B-4EA3-8EAF-BF434A4044D7}.Release|Any CPU.ActiveCfg = Release|Any CPU
		{F3348A62-594B-4EA3-8EAF-BF434A4044D7}.Release|Any CPU.Build.0 = Release|Any CPU
		{A5F0D985-421A-4A6F-9C47-87C1DB13B401}.Debug|Any CPU.ActiveCfg = Debug|Any CPU
		{A5F0D985-421A-4A6F-9C47-87C1DB13B401}.Debug|Any CPU.Build.0 = Debug|Any CPU
		{A5F0D985-421A-4A6F-9C47-87C1DB13B401}.Release|Any CPU.ActiveCfg = Release|Any CPU
		{A5F0D985-421A-4A6F-9C47-87C1DB13B401}.Release|Any CPU.Build.0 = Release|Any CPU
	EndGlobalSection
	GlobalSection(SolutionProperties) = preSolution
		HideSolutionNode = FALSE
	EndGlobalSection
	GlobalSection(ExtensibilityGlobals) = postSolution
		SolutionGuid = {B4F2788B-64C6-4295-ABF2-597DF6F71744}
	EndGlobalSection
EndGlobal
